
Microsoft Visual Studio Solution File, Format Version 12.00
# Visual Studio Version 16
VisualStudioVersion = 16.0.30907.101
MinimumVisualStudioVersion = 10.0.40219.1
Project("{FAE04EC0-301F-11D3-BF4B-00C04F79EFBC}") = "HelloWorld", "HelloWorld\HelloWorld.csproj", "{0E518E50-E90A-4399-B246-7A49222AFE0F}"
EndProject
Global
	GlobalSection(SolutionConfigurationPlatforms) = preSolution
		Debug|Any CPU = Debug|Any CPU
		Release|Any CPU = Release|Any CPU
	EndGlobalSection
	GlobalSection(ProjectConfigurationPlatforms) = postSolution
		{0E518E50-E90A-4399-B246-7A49222AFE0F}.Debug|Any CPU.ActiveCfg = Debug|Any CPU
		{0E518E50-E90A-4399-B246-7A49222AFE0F}.Debug|Any CPU.Build.0 = Debug|Any CPU
		{0E518E50-E90A-4399-B246-7A49222AFE0F}.Release|Any CPU.ActiveCfg = Release|Any CPU
		{0E518E50-E90A-4399-B246-7A49222AFE0F}.Release|Any CPU.Build.0 = Release|Any CPU
	EndGlobalSection
	GlobalSection(SolutionProperties) = preSolution
		HideSolutionNode = FALSE
	EndGlobalSection
	GlobalSection(ExtensibilityGlobals) = postSolution
		SolutionGuid = {BD3F623D-C58A-47B1-86EC-5BBBC938FF3B}
	EndGlobalSection
EndGlobal
